<?xml version="1.0" encoding="UTF-8" standalone="yes" ?>
<CodeBlocks_project_file>
	<FileVersion major="1" minor="6" />
	<Project>
		<Option title="3D Game Engine" />
		<Option pch_mode="2" />
		<Option compiler="gcc" />
		<Build>
			<Target title="Debug">
				<Option output="bin/Debug/3D Game Engine" prefix_auto="1" extension_auto="1" />
				<Option object_output="obj/Debug/" />
				<Option type="1" />
				<Option compiler="gcc" />
				<Compiler>
					<Add option="-g" />
					<Add directory="include" />
					<Add directory="include/engine" />
					<Add directory="include/bullet" />
					<Add directory="include/engine/graphics" />
					<Add directory="include/engine/physics" />
					<Add directory="include/engine/logic" />
					<Add directory="include/engine/io" />
					<Add directory="include/engine/gui" />
					<Add directory="include/engine/audio" />
					<Add directory="include/engine/input" />
				</Compiler>
				<Linker>
					<Add option="-lglew32s -lglfw3 -lopengl32 -lbullet -lglm" />
					<Add option="-lboost_system -lboost_filesystem" />
					<Add directory="lib" />
				</Linker>
			</Target>
			<Target title="Release">
				<Option output="bin/Release/3D Game Engine" prefix_auto="1" extension_auto="1" />
				<Option object_output="obj/Release/" />
				<Option type="1" />
				<Option compiler="gcc" />
				<Compiler>
					<Add option="-O2" />
				</Compiler>
				<Linker>
					<Add option="-s" />
				</Linker>
			</Target>
		</Build>
		<Compiler>
			<Add option="-Wall" />
		</Compiler>
		<Unit filename="include/engine/Common.h" />
		<Unit filename="include/engine/Directories.h" />
		<Unit filename="include/engine/Exception.h" />
		<Unit filename="include/engine/Logger.h" />
		<Unit filename="include/engine/graphics/Camera.h" />
		<Unit filename="include/engine/graphics/Graphics.h" />
		<Unit filename="include/engine/graphics/Mesh.h" />
		<Unit filename="include/engine/graphics/ShaderProgram.h" />
		<Unit filename="include/engine/graphics/Vertex.h" />
		<Unit filename="include/engine/input/Actor.h" />
		<Unit filename="include/engine/input/Context.h" />
		<Unit filename="include/engine/input/Event.h" />
		<Unit filename="include/engine/input/InputManager.h" />
		<Unit filename="include/engine/input/Interactable.h" />
		<Unit filename="include/engine/io/Cache.h" />
		<Unit filename="include/engine/io/MeshCache.h" />
		<Unit filename="include/engine/io/ShaderProgramCache.h" />
		<Unit filename="include/engine/io/XMLParser.h" />
		<Unit filename="include/engine/logic/Entity.h" />
		<Unit filename="include/engine/logic/Game.h" />
		<Unit filename="include/engine/logic/World.h" />
		<Unit filename="include/engine/physics/Physics.h" />
		<Unit filename="src/engine/Exception.cpp" />
		<Unit filename="src/engine/Logger.cpp" />
		<Unit filename="src/engine/graphics/Camera.cpp" />
		<Unit filename="src/engine/graphics/Graphics.cpp" />
		<Unit filename="src/engine/graphics/Mesh.cpp" />
		<Unit filename="src/engine/graphics/ShaderProgram.cpp" />
		<Unit filename="src/engine/graphics/Vertex.cpp" />
		<Unit filename="src/engine/input/Actor.cpp" />
		<Unit filename="src/engine/input/Context.cpp" />
		<Unit filename="src/engine/input/Event.cpp" />
		<Unit filename="src/engine/input/InputManager.cpp" />
		<Unit filename="src/engine/input/Interactable.cpp" />
		<Unit filename="src/engine/io/Cache.cpp" />
		<Unit filename="src/engine/io/MeshCache.cpp" />
		<Unit filename="src/engine/io/ShaderProgramCache.cpp" />
		<Unit filename="src/engine/io/XMLParser.cpp" />
		<Unit filename="src/engine/logic/Entity.cpp" />
		<Unit filename="src/engine/logic/Game.cpp" />
		<Unit filename="src/engine/logic/World.cpp" />
		<Unit filename="src/engine/physics/Physics.cpp" />
		<Unit filename="src/test/main.cpp" />
		<Extensions>
			<code_completion />
			<envvars />
			<debugger />
			<lib_finder disable_auto="1" />
		</Extensions>
	</Project>
</CodeBlocks_project_file>
