<?xml version="1.0" encoding="UTF-8" standalone="yes" ?>
<CodeBlocks_project_file>
	<FileVersion major="1" minor="6" />
	<Project>
		<Option title="3D Game Engine" />
		<Option pch_mode="2" />
		<Option compiler="gcc" />
		<Build>
			<Target title="Debug">
				<Option output="bin/Debug/3D Game Engine" prefix_auto="1" extension_auto="1" />
				<Option object_output="obj/Debug/" />
				<Option type="1" />
				<Option compiler="gcc" />
				<Option projectLinkerOptionsRelation="2" />
				<Compiler>
					<Add option="-std=c++11" />
					<Add option="-g" />
					<Add directory="include" />
					<Add directory="include/engine" />
					<Add directory="include/bullet" />
					<Add directory="include/engine/graphics" />
					<Add directory="include/engine/physics" />
					<Add directory="include/engine/logic" />
					<Add directory="include/engine/io" />
					<Add directory="include/engine/gui" />
					<Add directory="include/engine/audio" />
					<Add directory="include/engine/input" />
					<Add directory="include/devil" />
					<Add directory="include/engine/exceptions" />
					<Add directory="include/test" />
				</Compiler>
				<Linker>
					<Add option="-lboost_system -lboost_filesystem" />
					<Add option="-lglew32s -lglfw3 -lopengl32 -lbullet -lglm" />
					<Add option="-lDevIL -lilu -lilut" />
					<Add directory="lib" />
				</Linker>
			</Target>
			<Target title="Release">
				<Option output="bin/Release/3D Game Engine" prefix_auto="1" extension_auto="1" />
				<Option object_output="obj/Release/" />
				<Option type="1" />
				<Option compiler="gcc" />
				<Compiler>
					<Add option="-O2" />
					<Add option="-std=c++11" />
				</Compiler>
				<Linker>
					<Add option="-s" />
				</Linker>
			</Target>
		</Build>
		<Compiler>
			<Add option="-Wall" />
		</Compiler>
		<Unit filename="include/engine/Common.h" />
		<Unit filename="include/engine/Directories.h" />
		<Unit filename="include/engine/Engine.h" />
		<Unit filename="include/engine/exceptions/Exception.h" />
		<Unit filename="include/engine/exceptions/ExceptionCommon.h" />
		<Unit filename="include/engine/exceptions/GLEWException.h" />
		<Unit filename="include/engine/exceptions/GLException.h" />
		<Unit filename="include/engine/exceptions/GLFWException.h" />
		<Unit filename="include/engine/exceptions/ILException.h" />
		<Unit filename="include/engine/exceptions/IOException.h" />
		<Unit filename="include/engine/exceptions/LogException.h" />
		<Unit filename="include/engine/exceptions/Logger.h" />
		<Unit filename="include/engine/exceptions/NoSuchEntryException.h" />
		<Unit filename="include/engine/exceptions/NullPointerException.h" />
		<Unit filename="include/engine/graphics/Camera.h" />
		<Unit filename="include/engine/graphics/Drawable.h" />
		<Unit filename="include/engine/graphics/Graphics.h" />
		<Unit filename="include/engine/graphics/GraphicsCommon.h" />
		<Unit filename="include/engine/graphics/GraphicsManager.h" />
		<Unit filename="include/engine/graphics/Material.h" />
		<Unit filename="include/engine/graphics/Mesh.h" />
		<Unit filename="include/engine/graphics/ShaderProgram.h" />
		<Unit filename="include/engine/graphics/Texture.h" />
		<Unit filename="include/engine/graphics/Vertex.h" />
		<Unit filename="include/engine/input/Event.h" />
		<Unit filename="include/engine/input/EventListener.h" />
		<Unit filename="include/engine/input/Input.h" />
		<Unit filename="include/engine/input/InputCommon.h" />
		<Unit filename="include/engine/input/InputManager.h" />
		<Unit filename="include/engine/input/KeyListener.h" />
		<Unit filename="include/engine/input/MouseListener.h" />
		<Unit filename="include/engine/input/WindowListener.h" />
		<Unit filename="include/engine/io/Cache.h" />
		<Unit filename="include/engine/io/FileIO.h" />
		<Unit filename="include/engine/io/FileIOCommon.h" />
		<Unit filename="include/engine/io/MaterialCache.h" />
		<Unit filename="include/engine/io/MeshCache.h" />
		<Unit filename="include/engine/io/ShaderProgramCache.h" />
		<Unit filename="include/engine/io/TextureCache.h" />
		<Unit filename="include/engine/io/XMLParser.h" />
		<Unit filename="include/engine/physics/Physical.h" />
		<Unit filename="include/engine/physics/PhysicsCommon.h" />
		<Unit filename="include/engine/physics/PhysicsManager.h" />
		<Unit filename="include/test/Game.h" />
		<Unit filename="src/engine/Engine.cpp" />
		<Unit filename="src/engine/exceptions/GLEWException.cpp" />
		<Unit filename="src/engine/exceptions/GLException.cpp" />
		<Unit filename="src/engine/exceptions/GLFWException.cpp" />
		<Unit filename="src/engine/exceptions/ILException.cpp" />
		<Unit filename="src/engine/exceptions/IOException.cpp" />
		<Unit filename="src/engine/exceptions/LogException.cpp" />
		<Unit filename="src/engine/exceptions/Logger.cpp" />
		<Unit filename="src/engine/exceptions/NoSuchEntryException.cpp" />
		<Unit filename="src/engine/exceptions/NullPointerException.cpp" />
		<Unit filename="src/engine/graphics/Camera.cpp" />
		<Unit filename="src/engine/graphics/Drawable.cpp" />
		<Unit filename="src/engine/graphics/GraphicsManager.cpp" />
		<Unit filename="src/engine/graphics/Material.cpp" />
		<Unit filename="src/engine/graphics/Mesh.cpp" />
		<Unit filename="src/engine/graphics/ShaderProgram.cpp" />
		<Unit filename="src/engine/graphics/Texture.cpp" />
		<Unit filename="src/engine/graphics/Vertex.cpp" />
		<Unit filename="src/engine/input/Event.cpp" />
		<Unit filename="src/engine/input/EventListener.cpp" />
		<Unit filename="src/engine/input/InputManager.cpp" />
		<Unit filename="src/engine/input/KeyListener.cpp" />
		<Unit filename="src/engine/input/MouseListener.cpp" />
		<Unit filename="src/engine/input/WindowListener.cpp" />
		<Unit filename="src/engine/io/Cache.cpp" />
		<Unit filename="src/engine/io/MaterialCache.cpp" />
		<Unit filename="src/engine/io/MeshCache.cpp" />
		<Unit filename="src/engine/io/ShaderProgramCache.cpp" />
		<Unit filename="src/engine/io/TextureCache.cpp" />
		<Unit filename="src/engine/io/XMLParser.cpp" />
		<Unit filename="src/engine/physics/Physical.cpp" />
		<Unit filename="src/engine/physics/PhysicsManager.cpp" />
		<Unit filename="src/test/Game.cpp" />
		<Unit filename="src/test/main.cpp" />
		<Extensions>
			<code_completion />
			<envvars />
			<debugger />
			<lib_finder disable_auto="1" />
			<DoxyBlocks>
				<comment_style block="0" line="0" />
				<doxyfile_project />
				<doxyfile_build />
				<doxyfile_warnings />
				<doxyfile_output />
				<doxyfile_dot />
				<general />
			</DoxyBlocks>
		</Extensions>
	</Project>
</CodeBlocks_project_file>
